
Microsoft Visual Studio Solution File, Format Version 12.00
# Visual Studio 15
VisualStudioVersion = 15.0.28307.902
MinimumVisualStudioVersion = 10.0.40219.1
Project("{FAE04EC0-301F-11D3-BF4B-00C04F79EFBC}") = "Digi21.DigiNG.Plugin", "Digi21.DigiNG.Plugin\Digi21.DigiNG.Plugin.csproj", "{17276D54-83A1-420D-8766-796F1BC73B4B}"
EndProject
Global
	GlobalSection(SolutionConfigurationPlatforms) = preSolution
		Debug|Any CPU = Debug|Any CPU
		Release|Any CPU = Release|Any CPU
	EndGlobalSection
	GlobalSection(ProjectConfigurationPlatforms) = postSolution
		{17276D54-83A1-420D-8766-796F1BC73B4B}.Debug|Any CPU.ActiveCfg = Debug|Any CPU
		{17276D54-83A1-420D-8766-796F1BC73B4B}.Debug|Any CPU.Build.0 = Debug|Any CPU
		{17276D54-83A1-420D-8766-796F1BC73B4B}.Release|Any CPU.ActiveCfg = Release|Any CPU
		{17276D54-83A1-420D-8766-796F1BC73B4B}.Release|Any CPU.Build.0 = Release|Any CPU
	EndGlobalSection
	GlobalSection(SolutionProperties) = preSolution
		HideSolutionNode = FALSE
	EndGlobalSection
	GlobalSection(ExtensibilityGlobals) = postSolution
		SolutionGuid = {7EF2D0D6-FF39-4545-89EC-77178F8FD8CE}
	EndGlobalSection
EndGlobal
